// !$*UTF8*$!
{
	archiveVersion = 1;
	classes = {
	};
	objectVersion = 51;
	objects = {

/* Begin PBXBuildFile section */
		94CF3930C36EA577712C7BA7 /* Pods_FastLaneBuildConfigTest.framework in Frameworks */ = {isa = PBXBuildFile; fileRef = 98C85B96E105A5F464FA6842 /* Pods_FastLaneBuildConfigTest.framework */; };
		DB19C7C5249715DA004E079E /* AppDelegate.swift in Sources */ = {isa = PBXBuildFile; fileRef = DB19C7C4249715DA004E079E /* AppDelegate.swift */; };
		DB19C7C7249715DA004E079E /* SceneDelegate.swift in Sources */ = {isa = PBXBuildFile; fileRef = DB19C7C6249715DA004E079E /* SceneDelegate.swift */; };
		DB19C7C9249715DA004E079E /* ViewController.swift in Sources */ = {isa = PBXBuildFile; fileRef = DB19C7C8249715DA004E079E /* ViewController.swift */; };
		DB19C7CC249715DA004E079E /* Main.storyboard in Resources */ = {isa = PBXBuildFile; fileRef = DB19C7CA249715DA004E079E /* Main.storyboard */; };
		DB19C7CE249715DB004E079E /* Assets.xcassets in Resources */ = {isa = PBXBuildFile; fileRef = DB19C7CD249715DB004E079E /* Assets.xcassets */; };
		DB19C7D1249715DB004E079E /* LaunchScreen.storyboard in Resources */ = {isa = PBXBuildFile; fileRef = DB19C7CF249715DB004E079E /* LaunchScreen.storyboard */; };
/* End PBXBuildFile section */

/* Begin PBXFileReference section */
		4B9C1E8224971D8E00FD519E /* Dev.xcconfig */ = {isa = PBXFileReference; lastKnownFileType = text.xcconfig; path = Dev.xcconfig; sourceTree = "<group>"; };
		4B9C1E8324971F0E00FD519E /* Alpha.xcconfig */ = {isa = PBXFileReference; lastKnownFileType = text.xcconfig; path = Alpha.xcconfig; sourceTree = "<group>"; };
		98C85B96E105A5F464FA6842 /* Pods_FastLaneBuildConfigTest.framework */ = {isa = PBXFileReference; explicitFileType = wrapper.framework; includeInIndex = 0; path = Pods_FastLaneBuildConfigTest.framework; sourceTree = BUILT_PRODUCTS_DIR; };
		B39BF0694F64A52C18F9EB00 /* Pods-FastLaneBuildConfigTest.release.xcconfig */ = {isa = PBXFileReference; includeInIndex = 1; lastKnownFileType = text.xcconfig; name = "Pods-FastLaneBuildConfigTest.release.xcconfig"; path = "Target Support Files/Pods-FastLaneBuildConfigTest/Pods-FastLaneBuildConfigTest.release.xcconfig"; sourceTree = "<group>"; };
		DB19C7C1249715DA004E079E /* FastLaneBuildConfigTest.app */ = {isa = PBXFileReference; explicitFileType = wrapper.application; includeInIndex = 0; path = FastLaneBuildConfigTest.app; sourceTree = BUILT_PRODUCTS_DIR; };
		DB19C7C4249715DA004E079E /* AppDelegate.swift */ = {isa = PBXFileReference; lastKnownFileType = sourcecode.swift; path = AppDelegate.swift; sourceTree = "<group>"; };
		DB19C7C6249715DA004E079E /* SceneDelegate.swift */ = {isa = PBXFileReference; lastKnownFileType = sourcecode.swift; path = SceneDelegate.swift; sourceTree = "<group>"; };
		DB19C7C8249715DA004E079E /* ViewController.swift */ = {isa = PBXFileReference; lastKnownFileType = sourcecode.swift; path = ViewController.swift; sourceTree = "<group>"; };
		DB19C7CB249715DA004E079E /* Base */ = {isa = PBXFileReference; lastKnownFileType = file.storyboard; name = Base; path = Base.lproj/Main.storyboard; sourceTree = "<group>"; };
		DB19C7CD249715DB004E079E /* Assets.xcassets */ = {isa = PBXFileReference; lastKnownFileType = folder.assetcatalog; path = Assets.xcassets; sourceTree = "<group>"; };
		DB19C7D0249715DB004E079E /* Base */ = {isa = PBXFileReference; lastKnownFileType = file.storyboard; name = Base; path = Base.lproj/LaunchScreen.storyboard; sourceTree = "<group>"; };
		DB19C7D2249715DB004E079E /* Info.plist */ = {isa = PBXFileReference; lastKnownFileType = text.plist.xml; path = Info.plist; sourceTree = "<group>"; };
		DFC8ED9DEF67C3132634D58D /* Pods-FastLaneBuildConfigTest.debug.xcconfig */ = {isa = PBXFileReference; includeInIndex = 1; lastKnownFileType = text.xcconfig; name = "Pods-FastLaneBuildConfigTest.debug.xcconfig"; path = "Target Support Files/Pods-FastLaneBuildConfigTest/Pods-FastLaneBuildConfigTest.debug.xcconfig"; sourceTree = "<group>"; };
/* End PBXFileReference section */

/* Begin PBXFrameworksBuildPhase section */
		DB19C7BE249715DA004E079E /* Frameworks */ = {
			isa = PBXFrameworksBuildPhase;
			buildActionMask = 2147483647;
			files = (
				94CF3930C36EA577712C7BA7 /* Pods_FastLaneBuildConfigTest.framework in Frameworks */,
			);
			runOnlyForDeploymentPostprocessing = 0;
		};
/* End PBXFrameworksBuildPhase section */

/* Begin PBXGroup section */
		078302E7F0E5D3227B45E6A4 /* Pods */ = {
			isa = PBXGroup;
			children = (
				DFC8ED9DEF67C3132634D58D /* Pods-FastLaneBuildConfigTest.debug.xcconfig */,
				B39BF0694F64A52C18F9EB00 /* Pods-FastLaneBuildConfigTest.release.xcconfig */,
			);
			path = Pods;
			sourceTree = "<group>";
		};
		3DDFA392B21B8AE81A215B00 /* Frameworks */ = {
			isa = PBXGroup;
			children = (
				98C85B96E105A5F464FA6842 /* Pods_FastLaneBuildConfigTest.framework */,
			);
			name = Frameworks;
			sourceTree = "<group>";
		};
		4B9C1E8124971D6600FD519E /* Config */ = {
			isa = PBXGroup;
			children = (
				4B9C1E8224971D8E00FD519E /* Dev.xcconfig */,
				4B9C1E8324971F0E00FD519E /* Alpha.xcconfig */,
			);
			path = Config;
			sourceTree = "<group>";
		};
		DB19C7B8249715DA004E079E = {
			isa = PBXGroup;
			children = (
				DB19C7C3249715DA004E079E /* FastLaneBuildConfigTest */,
				DB19C7C2249715DA004E079E /* Products */,
				078302E7F0E5D3227B45E6A4 /* Pods */,
				3DDFA392B21B8AE81A215B00 /* Frameworks */,
			);
			sourceTree = "<group>";
		};
		DB19C7C2249715DA004E079E /* Products */ = {
			isa = PBXGroup;
			children = (
				DB19C7C1249715DA004E079E /* FastLaneBuildConfigTest.app */,
			);
			name = Products;
			sourceTree = "<group>";
		};
		DB19C7C3249715DA004E079E /* FastLaneBuildConfigTest */ = {
			isa = PBXGroup;
			children = (
				4B9C1E8124971D6600FD519E /* Config */,
				DB19C7C4249715DA004E079E /* AppDelegate.swift */,
				DB19C7C6249715DA004E079E /* SceneDelegate.swift */,
				DB19C7C8249715DA004E079E /* ViewController.swift */,
				DB19C7CA249715DA004E079E /* Main.storyboard */,
				DB19C7CD249715DB004E079E /* Assets.xcassets */,
				DB19C7CF249715DB004E079E /* LaunchScreen.storyboard */,
				DB19C7D2249715DB004E079E /* Info.plist */,
			);
			path = FastLaneBuildConfigTest;
			sourceTree = "<group>";
		};
/* End PBXGroup section */

/* Begin PBXNativeTarget section */
		DB19C7C0249715DA004E079E /* FastLaneBuildConfigTest */ = {
			isa = PBXNativeTarget;
			buildConfigurationList = DB19C7D5249715DB004E079E /* Build configuration list for PBXNativeTarget "FastLaneBuildConfigTest" */;
			buildPhases = (
				778DEF55F1085BE2FD9C88BD /* [CP] Check Pods Manifest.lock */,
				DB19C7BD249715DA004E079E /* Sources */,
				DB19C7BE249715DA004E079E /* Frameworks */,
				DB19C7BF249715DA004E079E /* Resources */,
				1C5BC315A5A5BB97C9A48DFE /* [CP] Embed Pods Frameworks */,
			);
			buildRules = (
			);
			dependencies = (
			);
			name = FastLaneBuildConfigTest;
			productName = FastLaneBuildConfigTest;
			productReference = DB19C7C1249715DA004E079E /* FastLaneBuildConfigTest.app */;
			productType = "com.apple.product-type.application";
		};
/* End PBXNativeTarget section */

/* Begin PBXProject section */
		DB19C7B9249715DA004E079E /* Project object */ = {
			isa = PBXProject;
			attributes = {
				LastSwiftUpdateCheck = 1140;
				LastUpgradeCheck = 1140;
				ORGANIZATIONNAME = "정하민";
				TargetAttributes = {
					DB19C7C0249715DA004E079E = {
						CreatedOnToolsVersion = 11.4;
					};
				};
			};
			buildConfigurationList = DB19C7BC249715DA004E079E /* Build configuration list for PBXProject "FastLaneBuildConfigTest" */;
			compatibilityVersion = "Xcode 9.3";
			developmentRegion = en;
			hasScannedForEncodings = 0;
			knownRegions = (
				en,
				Base,
			);
			mainGroup = DB19C7B8249715DA004E079E;
			productRefGroup = DB19C7C2249715DA004E079E /* Products */;
			projectDirPath = "";
			projectRoot = "";
			targets = (
				DB19C7C0249715DA004E079E /* FastLaneBuildConfigTest */,
			);
		};
/* End PBXProject section */

/* Begin PBXResourcesBuildPhase section */
		DB19C7BF249715DA004E079E /* Resources */ = {
			isa = PBXResourcesBuildPhase;
			buildActionMask = 2147483647;
			files = (
				DB19C7D1249715DB004E079E /* LaunchScreen.storyboard in Resources */,
				DB19C7CE249715DB004E079E /* Assets.xcassets in Resources */,
				DB19C7CC249715DA004E079E /* Main.storyboard in Resources */,
			);
			runOnlyForDeploymentPostprocessing = 0;
		};
/* End PBXResourcesBuildPhase section */

/* Begin PBXShellScriptBuildPhase section */
		1C5BC315A5A5BB97C9A48DFE /* [CP] Embed Pods Frameworks */ = {
			isa = PBXShellScriptBuildPhase;
			buildActionMask = 2147483647;
			files = (
			);
			inputFileListPaths = (
				"${PODS_ROOT}/Target Support Files/Pods-FastLaneBuildConfigTest/Pods-FastLaneBuildConfigTest-frameworks-${CONFIGURATION}-input-files.xcfilelist",
			);
			name = "[CP] Embed Pods Frameworks";
			outputFileListPaths = (
				"${PODS_ROOT}/Target Support Files/Pods-FastLaneBuildConfigTest/Pods-FastLaneBuildConfigTest-frameworks-${CONFIGURATION}-output-files.xcfilelist",
			);
			runOnlyForDeploymentPostprocessing = 0;
			shellPath = /bin/sh;
			shellScript = "\"${PODS_ROOT}/Target Support Files/Pods-FastLaneBuildConfigTest/Pods-FastLaneBuildConfigTest-frameworks.sh\"\n";
			showEnvVarsInLog = 0;
		};
		778DEF55F1085BE2FD9C88BD /* [CP] Check Pods Manifest.lock */ = {
			isa = PBXShellScriptBuildPhase;
			buildActionMask = 2147483647;
			files = (
			);
			inputFileListPaths = (
			);
			inputPaths = (
				"${PODS_PODFILE_DIR_PATH}/Podfile.lock",
				"${PODS_ROOT}/Manifest.lock",
			);
			name = "[CP] Check Pods Manifest.lock";
			outputFileListPaths = (
			);
			outputPaths = (
				"$(DERIVED_FILE_DIR)/Pods-FastLaneBuildConfigTest-checkManifestLockResult.txt",
			);
			runOnlyForDeploymentPostprocessing = 0;
			shellPath = /bin/sh;
			shellScript = "diff \"${PODS_PODFILE_DIR_PATH}/Podfile.lock\" \"${PODS_ROOT}/Manifest.lock\" > /dev/null\nif [ $? != 0 ] ; then\n    # print error to STDERR\n    echo \"error: The sandbox is not in sync with the Podfile.lock. Run 'pod install' or update your CocoaPods installation.\" >&2\n    exit 1\nfi\n# This output is used by Xcode 'outputs' to avoid re-running this script phase.\necho \"SUCCESS\" > \"${SCRIPT_OUTPUT_FILE_0}\"\n";
			showEnvVarsInLog = 0;
		};
/* End PBXShellScriptBuildPhase section */

/* Begin PBXSourcesBuildPhase section */
		DB19C7BD249715DA004E079E /* Sources */ = {
			isa = PBXSourcesBuildPhase;
			buildActionMask = 2147483647;
			files = (
				DB19C7C9249715DA004E079E /* ViewController.swift in Sources */,
				DB19C7C5249715DA004E079E /* AppDelegate.swift in Sources */,
				DB19C7C7249715DA004E079E /* SceneDelegate.swift in Sources */,
			);
			runOnlyForDeploymentPostprocessing = 0;
		};
/* End PBXSourcesBuildPhase section */

/* Begin PBXVariantGroup section */
		DB19C7CA249715DA004E079E /* Main.storyboard */ = {
			isa = PBXVariantGroup;
			children = (
				DB19C7CB249715DA004E079E /* Base */,
			);
			name = Main.storyboard;
			sourceTree = "<group>";
		};
		DB19C7CF249715DB004E079E /* LaunchScreen.storyboard */ = {
			isa = PBXVariantGroup;
			children = (
				DB19C7D0249715DB004E079E /* Base */,
			);
			name = LaunchScreen.storyboard;
			sourceTree = "<group>";
		};
/* End PBXVariantGroup section */

/* Begin XCBuildConfiguration section */
		DB19C7D3249715DB004E079E /* Debug */ = {
			isa = XCBuildConfiguration;
			buildSettings = {
				ALWAYS_SEARCH_USER_PATHS = NO;
				CLANG_ANALYZER_NONNULL = YES;
				CLANG_ANALYZER_NUMBER_OBJECT_CONVERSION = YES_AGGRESSIVE;
				CLANG_CXX_LANGUAGE_STANDARD = "gnu++14";
				CLANG_CXX_LIBRARY = "libc++";
				CLANG_ENABLE_MODULES = YES;
				CLANG_ENABLE_OBJC_ARC = YES;
				CLANG_ENABLE_OBJC_WEAK = YES;
				CLANG_WARN_BLOCK_CAPTURE_AUTORELEASING = YES;
				CLANG_WARN_BOOL_CONVERSION = YES;
				CLANG_WARN_COMMA = YES;
				CLANG_WARN_CONSTANT_CONVERSION = YES;
				CLANG_WARN_DEPRECATED_OBJC_IMPLEMENTATIONS = YES;
				CLANG_WARN_DIRECT_OBJC_ISA_USAGE = YES_ERROR;
				CLANG_WARN_DOCUMENTATION_COMMENTS = YES;
				CLANG_WARN_EMPTY_BODY = YES;
				CLANG_WARN_ENUM_CONVERSION = YES;
				CLANG_WARN_INFINITE_RECURSION = YES;
				CLANG_WARN_INT_CONVERSION = YES;
				CLANG_WARN_NON_LITERAL_NULL_CONVERSION = YES;
				CLANG_WARN_OBJC_IMPLICIT_RETAIN_SELF = YES;
				CLANG_WARN_OBJC_LITERAL_CONVERSION = YES;
				CLANG_WARN_OBJC_ROOT_CLASS = YES_ERROR;
				CLANG_WARN_RANGE_LOOP_ANALYSIS = YES;
				CLANG_WARN_STRICT_PROTOTYPES = YES;
				CLANG_WARN_SUSPICIOUS_MOVE = YES;
				CLANG_WARN_UNGUARDED_AVAILABILITY = YES_AGGRESSIVE;
				CLANG_WARN_UNREACHABLE_CODE = YES;
				CLANG_WARN__DUPLICATE_METHOD_MATCH = YES;
				COPY_PHASE_STRIP = NO;
				DEBUG_INFORMATION_FORMAT = dwarf;
				ENABLE_STRICT_OBJC_MSGSEND = YES;
				ENABLE_TESTABILITY = YES;
				GCC_C_LANGUAGE_STANDARD = gnu11;
				GCC_DYNAMIC_NO_PIC = NO;
				GCC_NO_COMMON_BLOCKS = YES;
				GCC_OPTIMIZATION_LEVEL = 0;
				GCC_PREPROCESSOR_DEFINITIONS = (
					"DEBUG=1",
					"$(inherited)",
				);
				GCC_WARN_64_TO_32_BIT_CONVERSION = YES;
				GCC_WARN_ABOUT_RETURN_TYPE = YES_ERROR;
				GCC_WARN_UNDECLARED_SELECTOR = YES;
				GCC_WARN_UNINITIALIZED_AUTOS = YES_AGGRESSIVE;
				GCC_WARN_UNUSED_FUNCTION = YES;
				GCC_WARN_UNUSED_VARIABLE = YES;
				IPHONEOS_DEPLOYMENT_TARGET = 13.4;
				MTL_ENABLE_DEBUG_INFO = INCLUDE_SOURCE;
				MTL_FAST_MATH = YES;
				ONLY_ACTIVE_ARCH = YES;
				SDKROOT = iphoneos;
				SWIFT_ACTIVE_COMPILATION_CONDITIONS = DEBUG;
				SWIFT_OPTIMIZATION_LEVEL = "-Onone";
			};
			name = Debug;
		};
		DB19C7D4249715DB004E079E /* Release */ = {
			isa = XCBuildConfiguration;
			buildSettings = {
				ALWAYS_SEARCH_USER_PATHS = NO;
				CLANG_ANALYZER_NONNULL = YES;
				CLANG_ANALYZER_NUMBER_OBJECT_CONVERSION = YES_AGGRESSIVE;
				CLANG_CXX_LANGUAGE_STANDARD = "gnu++14";
				CLANG_CXX_LIBRARY = "libc++";
				CLANG_ENABLE_MODULES = YES;
				CLANG_ENABLE_OBJC_ARC = YES;
				CLANG_ENABLE_OBJC_WEAK = YES;
				CLANG_WARN_BLOCK_CAPTURE_AUTORELEASING = YES;
				CLANG_WARN_BOOL_CONVERSION = YES;
				CLANG_WARN_COMMA = YES;
				CLANG_WARN_CONSTANT_CONVERSION = YES;
				CLANG_WARN_DEPRECATED_OBJC_IMPLEMENTATIONS = YES;
				CLANG_WARN_DIRECT_OBJC_ISA_USAGE = YES_ERROR;
				CLANG_WARN_DOCUMENTATION_COMMENTS = YES;
				CLANG_WARN_EMPTY_BODY = YES;
				CLANG_WARN_ENUM_CONVERSION = YES;
				CLANG_WARN_INFINITE_RECURSION = YES;
				CLANG_WARN_INT_CONVERSION = YES;
				CLANG_WARN_NON_LITERAL_NULL_CONVERSION = YES;
				CLANG_WARN_OBJC_IMPLICIT_RETAIN_SELF = YES;
				CLANG_WARN_OBJC_LITERAL_CONVERSION = YES;
				CLANG_WARN_OBJC_ROOT_CLASS = YES_ERROR;
				CLANG_WARN_RANGE_LOOP_ANALYSIS = YES;
				CLANG_WARN_STRICT_PROTOTYPES = YES;
				CLANG_WARN_SUSPICIOUS_MOVE = YES;
				CLANG_WARN_UNGUARDED_AVAILABILITY = YES_AGGRESSIVE;
				CLANG_WARN_UNREACHABLE_CODE = YES;
				CLANG_WARN__DUPLICATE_METHOD_MATCH = YES;
				COPY_PHASE_STRIP = NO;
				DEBUG_INFORMATION_FORMAT = "dwarf-with-dsym";
				ENABLE_NS_ASSERTIONS = NO;
				ENABLE_STRICT_OBJC_MSGSEND = YES;
				GCC_C_LANGUAGE_STANDARD = gnu11;
				GCC_NO_COMMON_BLOCKS = YES;
				GCC_WARN_64_TO_32_BIT_CONVERSION = YES;
				GCC_WARN_ABOUT_RETURN_TYPE = YES_ERROR;
				GCC_WARN_UNDECLARED_SELECTOR = YES;
				GCC_WARN_UNINITIALIZED_AUTOS = YES_AGGRESSIVE;
				GCC_WARN_UNUSED_FUNCTION = YES;
				GCC_WARN_UNUSED_VARIABLE = YES;
				IPHONEOS_DEPLOYMENT_TARGET = 13.4;
				MTL_ENABLE_DEBUG_INFO = NO;
				MTL_FAST_MATH = YES;
				SDKROOT = iphoneos;
				SWIFT_COMPILATION_MODE = wholemodule;
				SWIFT_OPTIMIZATION_LEVEL = "-O";
				VALIDATE_PRODUCT = YES;
			};
			name = Release;
		};
		DB19C7D6249715DB004E079E /* Debug */ = {
			isa = XCBuildConfiguration;
			baseConfigurationReference = DFC8ED9DEF67C3132634D58D /* Pods-FastLaneBuildConfigTest.debug.xcconfig */;
			buildSettings = {
				ASSETCATALOG_COMPILER_APPICON_NAME = AppIcon;
				CODE_SIGN_STYLE = Automatic;
				INFOPLIST_FILE = FastLaneBuildConfigTest/Info.plist;
				LD_RUNPATH_SEARCH_PATHS = (
					"$(inherited)",
					"@executable_path/Frameworks",
				);
				PRODUCT_BUNDLE_IDENTIFIER = com.hamin.FastLaneBuildConfigTest;
				PRODUCT_NAME = "$(TARGET_NAME)";
				SWIFT_VERSION = 5.0;
				TARGETED_DEVICE_FAMILY = "1,2";
			};
			name = Debug;
		};
		DB19C7D7249715DB004E079E /* Release */ = {
			isa = XCBuildConfiguration;
			baseConfigurationReference = B39BF0694F64A52C18F9EB00 /* Pods-FastLaneBuildConfigTest.release.xcconfig */;
			buildSettings = {
				ASSETCATALOG_COMPILER_APPICON_NAME = AppIcon;
				CODE_SIGN_STYLE = Automatic;
				INFOPLIST_FILE = FastLaneBuildConfigTest/Info.plist;
				LD_RUNPATH_SEARCH_PATHS = (
					"$(inherited)",
					"@executable_path/Frameworks",
				);
				PRODUCT_BUNDLE_IDENTIFIER = com.hamin.FastLaneBuildConfigTest;
				PRODUCT_NAME = "$(TARGET_NAME)";
				SWIFT_VERSION = 5.0;
				TARGETED_DEVICE_FAMILY = "1,2";
			};
			name = Release;
		};
/* End XCBuildConfiguration section */

/* Begin XCConfigurationList section */
		DB19C7BC249715DA004E079E /* Build configuration list for PBXProject "FastLaneBuildConfigTest" */ = {
			isa = XCConfigurationList;
			buildConfigurations = (
				DB19C7D3249715DB004E079E /* Debug */,
				DB19C7D4249715DB004E079E /* Release */,
			);
			defaultConfigurationIsVisible = 0;
			defaultConfigurationName = Release;
		};
		DB19C7D5249715DB004E079E /* Build configuration list for PBXNativeTarget "FastLaneBuildConfigTest" */ = {
			isa = XCConfigurationList;
			buildConfigurations = (
				DB19C7D6249715DB004E079E /* Debug */,
				DB19C7D7249715DB004E079E /* Release */,
			);
			defaultConfigurationIsVisible = 0;
			defaultConfigurationName = Release;
		};
/* End XCConfigurationList section */
	};
	rootObject = DB19C7B9249715DA004E079E /* Project object */;
}
